
Microsoft Visual Studio Solution File, Format Version 12.00
# Visual Studio Version 16
VisualStudioVersion = 16.0.31112.23
MinimumVisualStudioVersion = 10.0.40219.1
Project("{FAE04EC0-301F-11D3-BF4B-00C04F79EFBC}") = "MyFirstPageMVC", "MyFirstPageMVC\MyFirstPageMVC.csproj", "{6DCF2C4F-6C74-4766-9263-43F6604AFE19}"
EndProject
Global
	GlobalSection(SolutionConfigurationPlatforms) = preSolution
		Debug|Any CPU = Debug|Any CPU
		Release|Any CPU = Release|Any CPU
	EndGlobalSection
	GlobalSection(ProjectConfigurationPlatforms) = postSolution
		{6DCF2C4F-6C74-4766-9263-43F6604AFE19}.Debug|Any CPU.ActiveCfg = Debug|Any CPU
		{6DCF2C4F-6C74-4766-9263-43F6604AFE19}.Debug|Any CPU.Build.0 = Debug|Any CPU
		{6DCF2C4F-6C74-4766-9263-43F6604AFE19}.Release|Any CPU.ActiveCfg = Release|Any CPU
		{6DCF2C4F-6C74-4766-9263-43F6604AFE19}.Release|Any CPU.Build.0 = Release|Any CPU
	EndGlobalSection
	GlobalSection(SolutionProperties) = preSolution
		HideSolutionNode = FALSE
	EndGlobalSection
	GlobalSection(ExtensibilityGlobals) = postSolution
		SolutionGuid = {043AA745-88A6-419D-B94E-20EA834E8F6F}
	EndGlobalSection
EndGlobal
